
Microsoft Visual Studio Solution File, Format Version 12.00
# Visual Studio Version 16
VisualStudioVersion = 16.0.29326.143
MinimumVisualStudioVersion = 10.0.40219.1
Project("{FAE04EC0-301F-11D3-BF4B-00C04F79EFBC}") = "JMS.WEB", "JMS.WEB\JMS.WEB.csproj", "{837494C9-5224-4BA6-B637-E991C60F5D89}"
EndProject
Project("{9A19103F-16F7-4668-BE54-9A1E7A4F7556}") = "JMS.DAL", "JMS.DAL\JMS.DAL.csproj", "{7E5CC778-D752-4570-B2E1-25228DBE9350}"
EndProject
Project("{9A19103F-16F7-4668-BE54-9A1E7A4F7556}") = "JMS.BLL", "JMS.BLL\JMS.BLL.csproj", "{1466A3DA-1053-43D8-B628-7F0616E44C09}"
EndProject
Project("{9A19103F-16F7-4668-BE54-9A1E7A4F7556}") = "JMS.API", "JMS.API\JMS.API.csproj", "{FBA83B82-660C-4566-A0CC-469E52D5B16C}"
EndProject
Global
	GlobalSection(SolutionConfigurationPlatforms) = preSolution
		Debug|Any CPU = Debug|Any CPU
		Release|Any CPU = Release|Any CPU
	EndGlobalSection
	GlobalSection(ProjectConfigurationPlatforms) = postSolution
		{837494C9-5224-4BA6-B637-E991C60F5D89}.Debug|Any CPU.ActiveCfg = Debug|Any CPU
		{837494C9-5224-4BA6-B637-E991C60F5D89}.Debug|Any CPU.Build.0 = Debug|Any CPU
		{837494C9-5224-4BA6-B637-E991C60F5D89}.Release|Any CPU.ActiveCfg = Release|Any CPU
		{837494C9-5224-4BA6-B637-E991C60F5D89}.Release|Any CPU.Build.0 = Release|Any CPU
		{7E5CC778-D752-4570-B2E1-25228DBE9350}.Debug|Any CPU.ActiveCfg = Debug|Any CPU
		{7E5CC778-D752-4570-B2E1-25228DBE9350}.Debug|Any CPU.Build.0 = Debug|Any CPU
		{7E5CC778-D752-4570-B2E1-25228DBE9350}.Release|Any CPU.ActiveCfg = Release|Any CPU
		{7E5CC778-D752-4570-B2E1-25228DBE9350}.Release|Any CPU.Build.0 = Release|Any CPU
		{1466A3DA-1053-43D8-B628-7F0616E44C09}.Debug|Any CPU.ActiveCfg = Debug|Any CPU
		{1466A3DA-1053-43D8-B628-7F0616E44C09}.Debug|Any CPU.Build.0 = Debug|Any CPU
		{1466A3DA-1053-43D8-B628-7F0616E44C09}.Release|Any CPU.ActiveCfg = Release|Any CPU
		{1466A3DA-1053-43D8-B628-7F0616E44C09}.Release|Any CPU.Build.0 = Release|Any CPU
		{FBA83B82-660C-4566-A0CC-469E52D5B16C}.Debug|Any CPU.ActiveCfg = Debug|Any CPU
		{FBA83B82-660C-4566-A0CC-469E52D5B16C}.Debug|Any CPU.Build.0 = Debug|Any CPU
		{FBA83B82-660C-4566-A0CC-469E52D5B16C}.Release|Any CPU.ActiveCfg = Release|Any CPU
		{FBA83B82-660C-4566-A0CC-469E52D5B16C}.Release|Any CPU.Build.0 = Release|Any CPU
	EndGlobalSection
	GlobalSection(SolutionProperties) = preSolution
		HideSolutionNode = FALSE
	EndGlobalSection
	GlobalSection(ExtensibilityGlobals) = postSolution
		SolutionGuid = {F5AED8C2-089C-4E3C-A6F4-271B7673CD10}
	EndGlobalSection
EndGlobal
